
Microsoft Visual Studio Solution File, Format Version 12.00
# Visual Studio Version 16
VisualStudioVersion = 16.0.31112.23
MinimumVisualStudioVersion = 10.0.40219.1
Project("{9A19103F-16F7-4668-BE54-9A1E7A4F7556}") = "Play.Catalog.Service", "Play.Catalog.Service\Play.Catalog.Service.csproj", "{44431C4A-F19F-4E6D-B700-9F54C334337E}"
EndProject
Project("{9A19103F-16F7-4668-BE54-9A1E7A4F7556}") = "Play.Catalog.Entities", "Play.Catalog.Entities\Play.Catalog.Entities.csproj", "{17922AAC-769F-4429-9ED0-56FC579005C2}"
EndProject
Project("{FAE04EC0-301F-11D3-BF4B-00C04F79EFBC}") = "Play.Catalog.Contracts", "Play.Catalog.Contracts\Play.Catalog.Contracts.csproj", "{7B259DF9-11AC-4FA1-B0E3-D72E692DE52A}"
EndProject
Global
	GlobalSection(SolutionConfigurationPlatforms) = preSolution
		Debug|Any CPU = Debug|Any CPU
		Release|Any CPU = Release|Any CPU
	EndGlobalSection
	GlobalSection(ProjectConfigurationPlatforms) = postSolution
		{44431C4A-F19F-4E6D-B700-9F54C334337E}.Debug|Any CPU.ActiveCfg = Debug|Any CPU
		{44431C4A-F19F-4E6D-B700-9F54C334337E}.Debug|Any CPU.Build.0 = Debug|Any CPU
		{44431C4A-F19F-4E6D-B700-9F54C334337E}.Release|Any CPU.ActiveCfg = Release|Any CPU
		{44431C4A-F19F-4E6D-B700-9F54C334337E}.Release|Any CPU.Build.0 = Release|Any CPU
		{17922AAC-769F-4429-9ED0-56FC579005C2}.Debug|Any CPU.ActiveCfg = Debug|Any CPU
		{17922AAC-769F-4429-9ED0-56FC579005C2}.Debug|Any CPU.Build.0 = Debug|Any CPU
		{17922AAC-769F-4429-9ED0-56FC579005C2}.Release|Any CPU.ActiveCfg = Release|Any CPU
		{17922AAC-769F-4429-9ED0-56FC579005C2}.Release|Any CPU.Build.0 = Release|Any CPU
		{7B259DF9-11AC-4FA1-B0E3-D72E692DE52A}.Debug|Any CPU.ActiveCfg = Debug|Any CPU
		{7B259DF9-11AC-4FA1-B0E3-D72E692DE52A}.Debug|Any CPU.Build.0 = Debug|Any CPU
		{7B259DF9-11AC-4FA1-B0E3-D72E692DE52A}.Release|Any CPU.ActiveCfg = Release|Any CPU
		{7B259DF9-11AC-4FA1-B0E3-D72E692DE52A}.Release|Any CPU.Build.0 = Release|Any CPU
	EndGlobalSection
	GlobalSection(SolutionProperties) = preSolution
		HideSolutionNode = FALSE
	EndGlobalSection
	GlobalSection(ExtensibilityGlobals) = postSolution
		SolutionGuid = {187B217F-C95A-4D67-8DFA-16C2C618BCA3}
	EndGlobalSection
EndGlobal
